
Microsoft Visual Studio Solution File, Format Version 12.00
# Visual Studio Version 16
VisualStudioVersion = 16.0.31729.503
MinimumVisualStudioVersion = 10.0.40219.1
Project("{FAE04EC0-301F-11D3-BF4B-00C04F79EFBC}") = "PhishReport", "PhishReport\PhishReport.csproj", "{3165B5C3-DF1F-4FD8-BA63-6CA965668E77}"
EndProject
Project("{930C7802-8A8C-48F9-8165-68863BCCD9DD}") = "PhishReportSetup", "PhishReportSetup\PhishReportSetup.wixproj", "{1D7C3CC2-11A8-4CCA-87E7-4270BCA0341E}"
EndProject
Global
	GlobalSection(SolutionConfigurationPlatforms) = preSolution
		Debug|Any CPU = Debug|Any CPU
		Debug|x64 = Debug|x64
		Debug|x86 = Debug|x86
		Release|Any CPU = Release|Any CPU
		Release|x64 = Release|x64
		Release|x86 = Release|x86
	EndGlobalSection
	GlobalSection(ProjectConfigurationPlatforms) = postSolution
		{3165B5C3-DF1F-4FD8-BA63-6CA965668E77}.Debug|Any CPU.ActiveCfg = Debug|Any CPU
		{3165B5C3-DF1F-4FD8-BA63-6CA965668E77}.Debug|Any CPU.Build.0 = Debug|Any CPU
		{3165B5C3-DF1F-4FD8-BA63-6CA965668E77}.Debug|x64.ActiveCfg = Debug|x64
		{3165B5C3-DF1F-4FD8-BA63-6CA965668E77}.Debug|x64.Build.0 = Debug|x64
		{3165B5C3-DF1F-4FD8-BA63-6CA965668E77}.Debug|x86.ActiveCfg = Debug|Any CPU
		{3165B5C3-DF1F-4FD8-BA63-6CA965668E77}.Debug|x86.Build.0 = Debug|Any CPU
		{3165B5C3-DF1F-4FD8-BA63-6CA965668E77}.Release|Any CPU.ActiveCfg = Release|Any CPU
		{3165B5C3-DF1F-4FD8-BA63-6CA965668E77}.Release|Any CPU.Build.0 = Release|Any CPU
		{3165B5C3-DF1F-4FD8-BA63-6CA965668E77}.Release|x64.ActiveCfg = Release|x64
		{3165B5C3-DF1F-4FD8-BA63-6CA965668E77}.Release|x86.ActiveCfg = Release|x86
		{3165B5C3-DF1F-4FD8-BA63-6CA965668E77}.Release|x86.Build.0 = Release|x86
		{1D7C3CC2-11A8-4CCA-87E7-4270BCA0341E}.Debug|Any CPU.ActiveCfg = Debug|x86
		{1D7C3CC2-11A8-4CCA-87E7-4270BCA0341E}.Debug|x64.ActiveCfg = Debug|x86
		{1D7C3CC2-11A8-4CCA-87E7-4270BCA0341E}.Debug|x86.ActiveCfg = Debug|x86
		{1D7C3CC2-11A8-4CCA-87E7-4270BCA0341E}.Debug|x86.Build.0 = Debug|x86
		{1D7C3CC2-11A8-4CCA-87E7-4270BCA0341E}.Release|Any CPU.ActiveCfg = Release|x86
		{1D7C3CC2-11A8-4CCA-87E7-4270BCA0341E}.Release|Any CPU.Build.0 = Release|x86
		{1D7C3CC2-11A8-4CCA-87E7-4270BCA0341E}.Release|x64.ActiveCfg = Release|x86
		{1D7C3CC2-11A8-4CCA-87E7-4270BCA0341E}.Release|x86.ActiveCfg = Release|x86
		{1D7C3CC2-11A8-4CCA-87E7-4270BCA0341E}.Release|x86.Build.0 = Release|x86
	EndGlobalSection
	GlobalSection(SolutionProperties) = preSolution
		HideSolutionNode = FALSE
	EndGlobalSection
	GlobalSection(ExtensibilityGlobals) = postSolution
		SolutionGuid = {EAA12202-93EB-42A4-8B84-387F34928816}
	EndGlobalSection
EndGlobal
